
Microsoft Visual Studio Solution File, Format Version 12.00
# Visual Studio Version 16
VisualStudioVersion = 16.0.31005.135
MinimumVisualStudioVersion = 10.0.40219.1
Project("{9A19103F-16F7-4668-BE54-9A1E7A4F7556}") = "DNTPersianNewsAgency.Core", "DNTPersianNewsAgency.Core\DNTPersianNewsAgency.Core.csproj", "{EE6757E3-E58B-41AE-BC4E-7892E5EF5C1A}"
EndProject
Project("{2150E333-8FDC-42A3-9474-1A3956D46DE8}") = "Test", "Test", "{7681A329-738F-411F-9B29-DB4454BE1483}"
EndProject
Project("{FAE04EC0-301F-11D3-BF4B-00C04F79EFBC}") = "DNTPersianNewsAgency.Test", "DNTPersianNewsAgency.Test\DNTPersianNewsAgency.Test.csproj", "{D11BAEB4-013A-40EC-9F0D-3906123FF757}"
EndProject
Global
	GlobalSection(SolutionConfigurationPlatforms) = preSolution
		Debug|Any CPU = Debug|Any CPU
		Release|Any CPU = Release|Any CPU
	EndGlobalSection
	GlobalSection(ProjectConfigurationPlatforms) = postSolution
		{EE6757E3-E58B-41AE-BC4E-7892E5EF5C1A}.Debug|Any CPU.ActiveCfg = Debug|Any CPU
		{EE6757E3-E58B-41AE-BC4E-7892E5EF5C1A}.Debug|Any CPU.Build.0 = Debug|Any CPU
		{EE6757E3-E58B-41AE-BC4E-7892E5EF5C1A}.Release|Any CPU.ActiveCfg = Release|Any CPU
		{EE6757E3-E58B-41AE-BC4E-7892E5EF5C1A}.Release|Any CPU.Build.0 = Release|Any CPU
		{D11BAEB4-013A-40EC-9F0D-3906123FF757}.Debug|Any CPU.ActiveCfg = Debug|Any CPU
		{D11BAEB4-013A-40EC-9F0D-3906123FF757}.Debug|Any CPU.Build.0 = Debug|Any CPU
		{D11BAEB4-013A-40EC-9F0D-3906123FF757}.Release|Any CPU.ActiveCfg = Release|Any CPU
		{D11BAEB4-013A-40EC-9F0D-3906123FF757}.Release|Any CPU.Build.0 = Release|Any CPU
	EndGlobalSection
	GlobalSection(SolutionProperties) = preSolution
		HideSolutionNode = FALSE
	EndGlobalSection
	GlobalSection(NestedProjects) = preSolution
		{D11BAEB4-013A-40EC-9F0D-3906123FF757} = {7681A329-738F-411F-9B29-DB4454BE1483}
	EndGlobalSection
	GlobalSection(ExtensibilityGlobals) = postSolution
		SolutionGuid = {4E66F91F-E753-4189-9BA8-7F0103C5981A}
	EndGlobalSection
EndGlobal
